github.com/davecgh/go-spew v1.1.1 h1:vj9j/u1bqnvCEfJOwUhtlOARqs3+rkHYY13jYWTU97c=
github.com/pilebones/go-udev v0.9.0 h1:N1uEO/SxUwtIctc0WLU0t69JeBxIYEYnj8lT/Nabl9Q=
github.com/pmezard/go-difflib v1.0.0 h1:4DBwDE0NGyQoBHbLQYPwSUPoCMWR5BEzIk/f1lZbAQM=
github.com/stianeikeland/go-rpio v3.0.0+incompatible h1:AWDcfdnPPZ7Jikis6HNj0EgujMfB4t7oi4nZd5cIqko=
github.com/stianeikeland/go-rpio v3.0.0+incompatible/go.mod h1:Sh81rdJwD96E2wja2Gd7rrKM+XZ9LrwvN2w4IXrqLR8=
github.com/stretchr/testify v1.8.1 h1:w7B6lhMri9wdJUVmEZPGGhZzrYTPvgJArz7wNPgYKsk=
github.com/warthog618/gpiod v0.8.1 h1:+8iHpHd3fljAd6l4AT8jPbMDQNKdvBIpW/hmLgAcHiM=
github.com/warthog618/gpiod v0.8.1/go.mod h1:A7v1hGR2eTsnkN+e9RoAPYgJG9bLJWtwyIIK+pgqC7s=
golang.org/x/sys v0.6.0 h1:MVltZSvRTcU2ljQOhs94SXPftV6DCNnZViHeQps87pQ=
golang.org/x/sys v0.6.0/go.mod h1:oPkhp1MJrh7nUepCBck5+mAzfO9JrbApNNgaTdGDITg=
gopkg.in/yaml.v3 v3.0.1 h1:fxVm/GzAzEWqLHuvctI91KS9hhNmmWOoWu0XTYJS7CA=
